
Microsoft Visual Studio Solution File, Format Version 12.00
# Visual Studio Version 16
VisualStudioVersion = 16.0.31105.61
MinimumVisualStudioVersion = 10.0.40219.1
Project("{8BC9CEB8-8B4A-11D0-8D11-00A0C91BC942}") = "Set", "Set.vcxproj", "{67263943-C33E-4C3A-8C9E-EF48F37F2AB2}"
EndProject
Global
	GlobalSection(SolutionConfigurationPlatforms) = preSolution
		Debug|x64 = Debug|x64
		Debug|x86 = Debug|x86
		Release|x64 = Release|x64
		Release|x86 = Release|x86
	EndGlobalSection
	GlobalSection(ProjectConfigurationPlatforms) = postSolution
		{67263943-C33E-4C3A-8C9E-EF48F37F2AB2}.Debug|x64.ActiveCfg = Debug|x64
		{67263943-C33E-4C3A-8C9E-EF48F37F2AB2}.Debug|x64.Build.0 = Debug|x64
		{67263943-C33E-4C3A-8C9E-EF48F37F2AB2}.Debug|x86.ActiveCfg = Debug|Win32
		{67263943-C33E-4C3A-8C9E-EF48F37F2AB2}.Debug|x86.Build.0 = Debug|Win32
		{67263943-C33E-4C3A-8C9E-EF48F37F2AB2}.Release|x64.ActiveCfg = Release|x64
		{67263943-C33E-4C3A-8C9E-EF48F37F2AB2}.Release|x64.Build.0 = Release|x64
		{67263943-C33E-4C3A-8C9E-EF48F37F2AB2}.Release|x86.ActiveCfg = Release|Win32
		{67263943-C33E-4C3A-8C9E-EF48F37F2AB2}.Release|x86.Build.0 = Release|Win32
	EndGlobalSection
	GlobalSection(SolutionProperties) = preSolution
		HideSolutionNode = FALSE
	EndGlobalSection
	GlobalSection(ExtensibilityGlobals) = postSolution
		SolutionGuid = {49D96E38-63E5-441C-8879-2DFC0D119F3D}
	EndGlobalSection
EndGlobal
